# This file is automatically @generated by Cargo.
# It is not intended for manual editing.
version = 3

[[package]]
name = "ram_simulator"
version = "0.1.0"

[[package]]
name = "ram_simulator_rt"
version = "0.1.0"
dependencies = [
 "ram_simulator",
 "ram_text_parser",
]

[[package]]
name = "ram_text_parser"
version = "0.1.0"
