# This file is automatically @generated by Cargo.
# It is not intended for manual editing.
version = 3

[[package]]
name = "ram_text_parser"
version = "0.1.0"

[[package]]
name = "register_machine"
version = "0.1.0"

[[package]]
name = "rustest"
version = "0.1.0"
dependencies = [
 "ram_text_parser",
 "register_machine",
]
